// !$*UTF8*$!
{
	archiveVersion = 1;
	classes = {
	};
	objectVersion = 50;
	objects = {

/* Begin PBXBuildFile section */
		0957FBD825443875006C78B4 /* AppDelegate.m in Sources */ = {isa = PBXBuildFile; fileRef = 0957FBD725443875006C78B4 /* AppDelegate.m */; };
		0957FBDB25443875006C78B4 /* SceneDelegate.m in Sources */ = {isa = PBXBuildFile; fileRef = 0957FBDA25443875006C78B4 /* SceneDelegate.m */; };
		0957FBDE25443875006C78B4 /* ViewController.m in Sources */ = {isa = PBXBuildFile; fileRef = 0957FBDD25443875006C78B4 /* ViewController.m */; };
		0957FBE125443875006C78B4 /* Main.storyboard in Resources */ = {isa = PBXBuildFile; fileRef = 0957FBDF25443875006C78B4 /* Main.storyboard */; };
		0957FBE325443876006C78B4 /* Assets.xcassets in Resources */ = {isa = PBXBuildFile; fileRef = 0957FBE225443876006C78B4 /* Assets.xcassets */; };
		0957FBE625443876006C78B4 /* LaunchScreen.storyboard in Resources */ = {isa = PBXBuildFile; fileRef = 0957FBE425443876006C78B4 /* LaunchScreen.storyboard */; };
		0957FBE925443876006C78B4 /* main.m in Sources */ = {isa = PBXBuildFile; fileRef = 0957FBE825443876006C78B4 /* main.m */; };
/* End PBXBuildFile section */

/* Begin PBXFileReference section */
		0957FBD325443875006C78B4 /* MyWidget.app */ = {isa = PBXFileReference; explicitFileType = wrapper.application; includeInIndex = 0; path = MyWidget.app; sourceTree = BUILT_PRODUCTS_DIR; };
		0957FBD625443875006C78B4 /* AppDelegate.h */ = {isa = PBXFileReference; lastKnownFileType = sourcecode.c.h; path = AppDelegate.h; sourceTree = "<group>"; };
		0957FBD725443875006C78B4 /* AppDelegate.m */ = {isa = PBXFileReference; lastKnownFileType = sourcecode.c.objc; path = AppDelegate.m; sourceTree = "<group>"; };
		0957FBD925443875006C78B4 /* SceneDelegate.h */ = {isa = PBXFileReference; lastKnownFileType = sourcecode.c.h; path = SceneDelegate.h; sourceTree = "<group>"; };
		0957FBDA25443875006C78B4 /* SceneDelegate.m */ = {isa = PBXFileReference; lastKnownFileType = sourcecode.c.objc; path = SceneDelegate.m; sourceTree = "<group>"; };
		0957FBDC25443875006C78B4 /* ViewController.h */ = {isa = PBXFileReference; lastKnownFileType = sourcecode.c.h; path = ViewController.h; sourceTree = "<group>"; };
		0957FBDD25443875006C78B4 /* ViewController.m */ = {isa = PBXFileReference; lastKnownFileType = sourcecode.c.objc; path = ViewController.m; sourceTree = "<group>"; };
		0957FBE025443875006C78B4 /* Base */ = {isa = PBXFileReference; lastKnownFileType = file.storyboard; name = Base; path = Base.lproj/Main.storyboard; sourceTree = "<group>"; };
		0957FBE225443876006C78B4 /* Assets.xcassets */ = {isa = PBXFileReference; lastKnownFileType = folder.assetcatalog; path = Assets.xcassets; sourceTree = "<group>"; };
		0957FBE525443876006C78B4 /* Base */ = {isa = PBXFileReference; lastKnownFileType = file.storyboard; name = Base; path = Base.lproj/LaunchScreen.storyboard; sourceTree = "<group>"; };
		0957FBE725443876006C78B4 /* Info.plist */ = {isa = PBXFileReference; lastKnownFileType = text.plist.xml; path = Info.plist; sourceTree = "<group>"; };
		0957FBE825443876006C78B4 /* main.m */ = {isa = PBXFileReference; lastKnownFileType = sourcecode.c.objc; path = main.m; sourceTree = "<group>"; };
/* End PBXFileReference section */

/* Begin PBXFrameworksBuildPhase section */
		0957FBD025443875006C78B4 /* Frameworks */ = {
			isa = PBXFrameworksBuildPhase;
			buildActionMask = 2147483647;
			files = (
			);
			runOnlyForDeploymentPostprocessing = 0;
		};
/* End PBXFrameworksBuildPhase section */

/* Begin PBXGroup section */
		0957FBCA25443875006C78B4 = {
			isa = PBXGroup;
			children = (
				0957FBD525443875006C78B4 /* MyWidget */,
				0957FBD425443875006C78B4 /* Products */,
			);
			sourceTree = "<group>";
		};
		0957FBD425443875006C78B4 /* Products */ = {
			isa = PBXGroup;
			children = (
				0957FBD325443875006C78B4 /* MyWidget.app */,
			);
			name = Products;
			sourceTree = "<group>";
		};
		0957FBD525443875006C78B4 /* MyWidget */ = {
			isa = PBXGroup;
			children = (
				0957FBF025443897006C78B4 /* Delegate */,
				0957FBF2254438A6006C78B4 /* Product */,
				0957FBF3254438B4006C78B4 /* Other */,
				0957FBE725443876006C78B4 /* Info.plist */,
			);
			path = MyWidget;
			sourceTree = "<group>";
		};
		0957FBF025443897006C78B4 /* Delegate */ = {
			isa = PBXGroup;
			children = (
				0957FBD625443875006C78B4 /* AppDelegate.h */,
				0957FBD725443875006C78B4 /* AppDelegate.m */,
				0957FBD925443875006C78B4 /* SceneDelegate.h */,
				0957FBDA25443875006C78B4 /* SceneDelegate.m */,
			);
			path = Delegate;
			sourceTree = "<group>";
		};
		0957FBF2254438A6006C78B4 /* Product */ = {
			isa = PBXGroup;
			children = (
				0957FBDC25443875006C78B4 /* ViewController.h */,
				0957FBDD25443875006C78B4 /* ViewController.m */,
			);
			path = Product;
			sourceTree = "<group>";
		};
		0957FBF3254438B4006C78B4 /* Other */ = {
			isa = PBXGroup;
			children = (
				0957FBDF25443875006C78B4 /* Main.storyboard */,
				0957FBE225443876006C78B4 /* Assets.xcassets */,
				0957FBE425443876006C78B4 /* LaunchScreen.storyboard */,
				0957FBE825443876006C78B4 /* main.m */,
			);
			path = Other;
			sourceTree = "<group>";
		};
/* End PBXGroup section */

/* Begin PBXNativeTarget section */
		0957FBD225443875006C78B4 /* MyWidget */ = {
			isa = PBXNativeTarget;
			buildConfigurationList = 0957FBEC25443876006C78B4 /* Build configuration list for PBXNativeTarget "MyWidget" */;
			buildPhases = (
				0957FBCF25443875006C78B4 /* Sources */,
				0957FBD025443875006C78B4 /* Frameworks */,
				0957FBD125443875006C78B4 /* Resources */,
			);
			buildRules = (
			);
			dependencies = (
			);
			name = MyWidget;
			productName = MyWidget;
			productReference = 0957FBD325443875006C78B4 /* MyWidget.app */;
			productType = "com.apple.product-type.application";
		};
/* End PBXNativeTarget section */

/* Begin PBXProject section */
		0957FBCB25443875006C78B4 /* Project object */ = {
			isa = PBXProject;
			attributes = {
				LastUpgradeCheck = 1210;
				TargetAttributes = {
					0957FBD225443875006C78B4 = {
						CreatedOnToolsVersion = 12.1;
					};
				};
			};
			buildConfigurationList = 0957FBCE25443875006C78B4 /* Build configuration list for PBXProject "MyWidget" */;
			compatibilityVersion = "Xcode 9.3";
			developmentRegion = en;
			hasScannedForEncodings = 0;
			knownRegions = (
				en,
				Base,
			);
			mainGroup = 0957FBCA25443875006C78B4;
			productRefGroup = 0957FBD425443875006C78B4 /* Products */;
			projectDirPath = "";
			projectRoot = "";
			targets = (
				0957FBD225443875006C78B4 /* MyWidget */,
			);
		};
/* End PBXProject section */

/* Begin PBXResourcesBuildPhase section */
		0957FBD125443875006C78B4 /* Resources */ = {
			isa = PBXResourcesBuildPhase;
			buildActionMask = 2147483647;
			files = (
				0957FBE625443876006C78B4 /* LaunchScreen.storyboard in Resources */,
				0957FBE325443876006C78B4 /* Assets.xcassets in Resources */,
				0957FBE125443875006C78B4 /* Main.storyboard in Resources */,
			);
			runOnlyForDeploymentPostprocessing = 0;
		};
/* End PBXResourcesBuildPhase section */

/* Begin PBXSourcesBuildPhase section */
		0957FBCF25443875006C78B4 /* Sources */ = {
			isa = PBXSourcesBuildPhase;
			buildActionMask = 2147483647;
			files = (
				0957FBDE25443875006C78B4 /* ViewController.m in Sources */,
				0957FBD825443875006C78B4 /* AppDelegate.m in Sources */,
				0957FBE925443876006C78B4 /* main.m in Sources */,
				0957FBDB25443875006C78B4 /* SceneDelegate.m in Sources */,
			);
			runOnlyForDeploymentPostprocessing = 0;
		};
/* End PBXSourcesBuildPhase section */

/* Begin PBXVariantGroup section */
		0957FBDF25443875006C78B4 /* Main.storyboard */ = {
			isa = PBXVariantGroup;
			children = (
				0957FBE025443875006C78B4 /* Base */,
			);
			name = Main.storyboard;
			sourceTree = "<group>";
		};
		0957FBE425443876006C78B4 /* LaunchScreen.storyboard */ = {
			isa = PBXVariantGroup;
			children = (
				0957FBE525443876006C78B4 /* Base */,
			);
			name = LaunchScreen.storyboard;
			sourceTree = "<group>";
		};
/* End PBXVariantGroup section */

/* Begin XCBuildConfiguration section */
		0957FBEA25443876006C78B4 /* Debug */ = {
			isa = XCBuildConfiguration;
			buildSettings = {
				ALWAYS_SEARCH_USER_PATHS = NO;
				CLANG_ANALYZER_NONNULL = YES;
				CLANG_ANALYZER_NUMBER_OBJECT_CONVERSION = YES_AGGRESSIVE;
				CLANG_CXX_LANGUAGE_STANDARD = "gnu++14";
				CLANG_CXX_LIBRARY = "libc++";
				CLANG_ENABLE_MODULES = YES;
				CLANG_ENABLE_OBJC_ARC = YES;
				CLANG_ENABLE_OBJC_WEAK = YES;
				CLANG_WARN_BLOCK_CAPTURE_AUTORELEASING = YES;
				CLANG_WARN_BOOL_CONVERSION = YES;
				CLANG_WARN_COMMA = YES;
				CLANG_WARN_CONSTANT_CONVERSION = YES;
				CLANG_WARN_DEPRECATED_OBJC_IMPLEMENTATIONS = YES;
				CLANG_WARN_DIRECT_OBJC_ISA_USAGE = YES_ERROR;
				CLANG_WARN_DOCUMENTATION_COMMENTS = YES;
				CLANG_WARN_EMPTY_BODY = YES;
				CLANG_WARN_ENUM_CONVERSION = YES;
				CLANG_WARN_INFINITE_RECURSION = YES;
				CLANG_WARN_INT_CONVERSION = YES;
				CLANG_WARN_NON_LITERAL_NULL_CONVERSION = YES;
				CLANG_WARN_OBJC_IMPLICIT_RETAIN_SELF = YES;
				CLANG_WARN_OBJC_LITERAL_CONVERSION = YES;
				CLANG_WARN_OBJC_ROOT_CLASS = YES_ERROR;
				CLANG_WARN_QUOTED_INCLUDE_IN_FRAMEWORK_HEADER = YES;
				CLANG_WARN_RANGE_LOOP_ANALYSIS = YES;
				CLANG_WARN_STRICT_PROTOTYPES = YES;
				CLANG_WARN_SUSPICIOUS_MOVE = YES;
				CLANG_WARN_UNGUARDED_AVAILABILITY = YES_AGGRESSIVE;
				CLANG_WARN_UNREACHABLE_CODE = YES;
				CLANG_WARN__DUPLICATE_METHOD_MATCH = YES;
				COPY_PHASE_STRIP = NO;
				DEBUG_INFORMATION_FORMAT = dwarf;
				ENABLE_STRICT_OBJC_MSGSEND = YES;
				ENABLE_TESTABILITY = YES;
				GCC_C_LANGUAGE_STANDARD = gnu11;
				GCC_DYNAMIC_NO_PIC = NO;
				GCC_NO_COMMON_BLOCKS = YES;
				GCC_OPTIMIZATION_LEVEL = 0;
				GCC_PREPROCESSOR_DEFINITIONS = (
					"DEBUG=1",
					"$(inherited)",
				);
				GCC_WARN_64_TO_32_BIT_CONVERSION = YES;
				GCC_WARN_ABOUT_RETURN_TYPE = YES_ERROR;
				GCC_WARN_UNDECLARED_SELECTOR = YES;
				GCC_WARN_UNINITIALIZED_AUTOS = YES_AGGRESSIVE;
				GCC_WARN_UNUSED_FUNCTION = YES;
				GCC_WARN_UNUSED_VARIABLE = YES;
				IPHONEOS_DEPLOYMENT_TARGET = 14.1;
				MTL_ENABLE_DEBUG_INFO = INCLUDE_SOURCE;
				MTL_FAST_MATH = YES;
				ONLY_ACTIVE_ARCH = YES;
				SDKROOT = iphoneos;
			};
			name = Debug;
		};
		0957FBEB25443876006C78B4 /* Release */ = {
			isa = XCBuildConfiguration;
			buildSettings = {
				ALWAYS_SEARCH_USER_PATHS = NO;
				CLANG_ANALYZER_NONNULL = YES;
				CLANG_ANALYZER_NUMBER_OBJECT_CONVERSION = YES_AGGRESSIVE;
				CLANG_CXX_LANGUAGE_STANDARD = "gnu++14";
				CLANG_CXX_LIBRARY = "libc++";
				CLANG_ENABLE_MODULES = YES;
				CLANG_ENABLE_OBJC_ARC = YES;
				CLANG_ENABLE_OBJC_WEAK = YES;
				CLANG_WARN_BLOCK_CAPTURE_AUTORELEASING = YES;
				CLANG_WARN_BOOL_CONVERSION = YES;
				CLANG_WARN_COMMA = YES;
				CLANG_WARN_CONSTANT_CONVERSION = YES;
				CLANG_WARN_DEPRECATED_OBJC_IMPLEMENTATIONS = YES;
				CLANG_WARN_DIRECT_OBJC_ISA_USAGE = YES_ERROR;
				CLANG_WARN_DOCUMENTATION_COMMENTS = YES;
				CLANG_WARN_EMPTY_BODY = YES;
				CLANG_WARN_ENUM_CONVERSION = YES;
				CLANG_WARN_INFINITE_RECURSION = YES;
				CLANG_WARN_INT_CONVERSION = YES;
				CLANG_WARN_NON_LITERAL_NULL_CONVERSION = YES;
				CLANG_WARN_OBJC_IMPLICIT_RETAIN_SELF = YES;
				CLANG_WARN_OBJC_LITERAL_CONVERSION = YES;
				CLANG_WARN_OBJC_ROOT_CLASS = YES_ERROR;
				CLANG_WARN_QUOTED_INCLUDE_IN_FRAMEWORK_HEADER = YES;
				CLANG_WARN_RANGE_LOOP_ANALYSIS = YES;
				CLANG_WARN_STRICT_PROTOTYPES = YES;
				CLANG_WARN_SUSPICIOUS_MOVE = YES;
				CLANG_WARN_UNGUARDED_AVAILABILITY = YES_AGGRESSIVE;
				CLANG_WARN_UNREACHABLE_CODE = YES;
				CLANG_WARN__DUPLICATE_METHOD_MATCH = YES;
				COPY_PHASE_STRIP = NO;
				DEBUG_INFORMATION_FORMAT = "dwarf-with-dsym";
				ENABLE_NS_ASSERTIONS = NO;
				ENABLE_STRICT_OBJC_MSGSEND = YES;
				GCC_C_LANGUAGE_STANDARD = gnu11;
				GCC_NO_COMMON_BLOCKS = YES;
				GCC_WARN_64_TO_32_BIT_CONVERSION = YES;
				GCC_WARN_ABOUT_RETURN_TYPE = YES_ERROR;
				GCC_WARN_UNDECLARED_SELECTOR = YES;
				GCC_WARN_UNINITIALIZED_AUTOS = YES_AGGRESSIVE;
				GCC_WARN_UNUSED_FUNCTION = YES;
				GCC_WARN_UNUSED_VARIABLE = YES;
				IPHONEOS_DEPLOYMENT_TARGET = 14.1;
				MTL_ENABLE_DEBUG_INFO = NO;
				MTL_FAST_MATH = YES;
				SDKROOT = iphoneos;
				VALIDATE_PRODUCT = YES;
			};
			name = Release;
		};
		0957FBED25443876006C78B4 /* Debug */ = {
			isa = XCBuildConfiguration;
			buildSettings = {
				ASSETCATALOG_COMPILER_APPICON_NAME = AppIcon;
				ASSETCATALOG_COMPILER_GLOBAL_ACCENT_COLOR_NAME = AccentColor;
				CODE_SIGN_STYLE = Automatic;
				DEVELOPMENT_TEAM = B5SJ8JYP65;
				INFOPLIST_FILE = MyWidget/Info.plist;
				LD_RUNPATH_SEARCH_PATHS = (
					"$(inherited)",
					"@executable_path/Frameworks",
				);
				PRODUCT_BUNDLE_IDENTIFIER = com.jj.MyWidget;
				PRODUCT_NAME = "$(TARGET_NAME)";
				TARGETED_DEVICE_FAMILY = "1,2";
			};
			name = Debug;
		};
		0957FBEE25443876006C78B4 /* Release */ = {
			isa = XCBuildConfiguration;
			buildSettings = {
				ASSETCATALOG_COMPILER_APPICON_NAME = AppIcon;
				ASSETCATALOG_COMPILER_GLOBAL_ACCENT_COLOR_NAME = AccentColor;
				CODE_SIGN_STYLE = Automatic;
				DEVELOPMENT_TEAM = B5SJ8JYP65;
				INFOPLIST_FILE = MyWidget/Info.plist;
				LD_RUNPATH_SEARCH_PATHS = (
					"$(inherited)",
					"@executable_path/Frameworks",
				);
				PRODUCT_BUNDLE_IDENTIFIER = com.jj.MyWidget;
				PRODUCT_NAME = "$(TARGET_NAME)";
				TARGETED_DEVICE_FAMILY = "1,2";
			};
			name = Release;
		};
/* End XCBuildConfiguration section */

/* Begin XCConfigurationList section */
		0957FBCE25443875006C78B4 /* Build configuration list for PBXProject "MyWidget" */ = {
			isa = XCConfigurationList;
			buildConfigurations = (
				0957FBEA25443876006C78B4 /* Debug */,
				0957FBEB25443876006C78B4 /* Release */,
			);
			defaultConfigurationIsVisible = 0;
			defaultConfigurationName = Release;
		};
		0957FBEC25443876006C78B4 /* Build configuration list for PBXNativeTarget "MyWidget" */ = {
			isa = XCConfigurationList;
			buildConfigurations = (
				0957FBED25443876006C78B4 /* Debug */,
				0957FBEE25443876006C78B4 /* Release */,
			);
			defaultConfigurationIsVisible = 0;
			defaultConfigurationName = Release;
		};
/* End XCConfigurationList section */
	};
	rootObject = 0957FBCB25443875006C78B4 /* Project object */;
}
