// !$*UTF8*$!
{
	archiveVersion = 1;
	classes = {
	};
	objectVersion = 50;
	objects = {

/* Begin PBXBuildFile section */
		090B65D6255977FC00257F7A /* PokeMasterApp.swift in Sources */ = {isa = PBXBuildFile; fileRef = 090B65D5255977FC00257F7A /* PokeMasterApp.swift */; };
		090B65D8255977FC00257F7A /* ContentView.swift in Sources */ = {isa = PBXBuildFile; fileRef = 090B65D7255977FC00257F7A /* ContentView.swift */; };
		090B65DA255977FF00257F7A /* Assets.xcassets in Resources */ = {isa = PBXBuildFile; fileRef = 090B65D9255977FF00257F7A /* Assets.xcassets */; };
		090B65DD255977FF00257F7A /* Preview Assets.xcassets in Resources */ = {isa = PBXBuildFile; fileRef = 090B65DC255977FF00257F7A /* Preview Assets.xcassets */; };
		090B665A25599D6600257F7A /* pokemon-7.json in Resources */ = {isa = PBXBuildFile; fileRef = 090B661A25599D6600257F7A /* pokemon-7.json */; };
		090B665B25599D6600257F7A /* pokemon-14.json in Resources */ = {isa = PBXBuildFile; fileRef = 090B661B25599D6600257F7A /* pokemon-14.json */; };
		090B665C25599D6600257F7A /* pokemon-22.json in Resources */ = {isa = PBXBuildFile; fileRef = 090B661C25599D6600257F7A /* pokemon-22.json */; };
		090B665D25599D6600257F7A /* pokemon-18.json in Resources */ = {isa = PBXBuildFile; fileRef = 090B661D25599D6600257F7A /* pokemon-18.json */; };
		090B665E25599D6600257F7A /* pokemon-19.json in Resources */ = {isa = PBXBuildFile; fileRef = 090B661E25599D6600257F7A /* pokemon-19.json */; };
		090B665F25599D6600257F7A /* pokemon-23.json in Resources */ = {isa = PBXBuildFile; fileRef = 090B661F25599D6600257F7A /* pokemon-23.json */; };
		090B666025599D6600257F7A /* pokemon-15.json in Resources */ = {isa = PBXBuildFile; fileRef = 090B662025599D6600257F7A /* pokemon-15.json */; };
		090B666125599D6600257F7A /* pokemon-6.json in Resources */ = {isa = PBXBuildFile; fileRef = 090B662125599D6600257F7A /* pokemon-6.json */; };
		090B666225599D6600257F7A /* pokemon-24.json in Resources */ = {isa = PBXBuildFile; fileRef = 090B662225599D6600257F7A /* pokemon-24.json */; };
		090B666325599D6600257F7A /* pokemon-28.json in Resources */ = {isa = PBXBuildFile; fileRef = 090B662325599D6600257F7A /* pokemon-28.json */; };
		090B666425599D6600257F7A /* pokemon-1.json in Resources */ = {isa = PBXBuildFile; fileRef = 090B662425599D6600257F7A /* pokemon-1.json */; };
		090B666525599D6600257F7A /* pokemon-12.json in Resources */ = {isa = PBXBuildFile; fileRef = 090B662525599D6600257F7A /* pokemon-12.json */; };
		090B666625599D6600257F7A /* pokemon-13.json in Resources */ = {isa = PBXBuildFile; fileRef = 090B662625599D6600257F7A /* pokemon-13.json */; };
		090B666725599D6600257F7A /* pokemon-29.json in Resources */ = {isa = PBXBuildFile; fileRef = 090B662725599D6600257F7A /* pokemon-29.json */; };
		090B666825599D6600257F7A /* pokemon-25.json in Resources */ = {isa = PBXBuildFile; fileRef = 090B662825599D6600257F7A /* pokemon-25.json */; };
		090B666925599D6600257F7A /* pokemon-26.json in Resources */ = {isa = PBXBuildFile; fileRef = 090B662925599D6600257F7A /* pokemon-26.json */; };
		090B666A25599D6600257F7A /* pokemon-30.json in Resources */ = {isa = PBXBuildFile; fileRef = 090B662A25599D6600257F7A /* pokemon-30.json */; };
		090B666B25599D6600257F7A /* pokemon-10.json in Resources */ = {isa = PBXBuildFile; fileRef = 090B662B25599D6600257F7A /* pokemon-10.json */; };
		090B666C25599D6600257F7A /* pokemon-3.json in Resources */ = {isa = PBXBuildFile; fileRef = 090B662C25599D6600257F7A /* pokemon-3.json */; };
		090B666D25599D6600257F7A /* pokemon-2.json in Resources */ = {isa = PBXBuildFile; fileRef = 090B662D25599D6600257F7A /* pokemon-2.json */; };
		090B666E25599D6600257F7A /* pokemon-11.json in Resources */ = {isa = PBXBuildFile; fileRef = 090B662E25599D6600257F7A /* pokemon-11.json */; };
		090B666F25599D6600257F7A /* pokemon-27.json in Resources */ = {isa = PBXBuildFile; fileRef = 090B662F25599D6600257F7A /* pokemon-27.json */; };
		090B667025599D6600257F7A /* pokemon-16.json in Resources */ = {isa = PBXBuildFile; fileRef = 090B663025599D6600257F7A /* pokemon-16.json */; };
		090B667125599D6600257F7A /* pokemon-5.json in Resources */ = {isa = PBXBuildFile; fileRef = 090B663125599D6600257F7A /* pokemon-5.json */; };
		090B667225599D6600257F7A /* pokemon-9.json in Resources */ = {isa = PBXBuildFile; fileRef = 090B663225599D6600257F7A /* pokemon-9.json */; };
		090B667325599D6600257F7A /* pokemon-20.json in Resources */ = {isa = PBXBuildFile; fileRef = 090B663325599D6600257F7A /* pokemon-20.json */; };
		090B667425599D6600257F7A /* pokemon-21.json in Resources */ = {isa = PBXBuildFile; fileRef = 090B663425599D6600257F7A /* pokemon-21.json */; };
		090B667525599D6600257F7A /* pokemon-8.json in Resources */ = {isa = PBXBuildFile; fileRef = 090B663525599D6600257F7A /* pokemon-8.json */; };
		090B667625599D6600257F7A /* pokemon-4.json in Resources */ = {isa = PBXBuildFile; fileRef = 090B663625599D6600257F7A /* pokemon-4.json */; };
		090B667725599D6600257F7A /* pokemon-17.json in Resources */ = {isa = PBXBuildFile; fileRef = 090B663725599D6600257F7A /* pokemon-17.json */; };
		090B667825599D6600257F7A /* pokemon-species-11.json in Resources */ = {isa = PBXBuildFile; fileRef = 090B663925599D6600257F7A /* pokemon-species-11.json */; };
		090B667925599D6600257F7A /* pokemon-species-7.json in Resources */ = {isa = PBXBuildFile; fileRef = 090B663A25599D6600257F7A /* pokemon-species-7.json */; };
		090B667A25599D6600257F7A /* pokemon-species-27.json in Resources */ = {isa = PBXBuildFile; fileRef = 090B663B25599D6600257F7A /* pokemon-species-27.json */; };
		090B667B25599D6600257F7A /* pokemon-species-30.json in Resources */ = {isa = PBXBuildFile; fileRef = 090B663C25599D6600257F7A /* pokemon-species-30.json */; };
		090B667C25599D6600257F7A /* pokemon-species-26.json in Resources */ = {isa = PBXBuildFile; fileRef = 090B663D25599D6600257F7A /* pokemon-species-26.json */; };
		090B667D25599D6600257F7A /* pokemon-species-6.json in Resources */ = {isa = PBXBuildFile; fileRef = 090B663E25599D6600257F7A /* pokemon-species-6.json */; };
		090B667E25599D6600257F7A /* pokemon-species-10.json in Resources */ = {isa = PBXBuildFile; fileRef = 090B663F25599D6600257F7A /* pokemon-species-10.json */; };
		090B667F25599D6600257F7A /* pokemon-species-21.json in Resources */ = {isa = PBXBuildFile; fileRef = 090B664025599D6600257F7A /* pokemon-species-21.json */; };
		090B668025599D6600257F7A /* pokemon-species-17.json in Resources */ = {isa = PBXBuildFile; fileRef = 090B664125599D6600257F7A /* pokemon-species-17.json */; };
		090B668125599D6600257F7A /* pokemon-species-1.json in Resources */ = {isa = PBXBuildFile; fileRef = 090B664225599D6600257F7A /* pokemon-species-1.json */; };
		090B668225599D6600257F7A /* pokemon-species-16.json in Resources */ = {isa = PBXBuildFile; fileRef = 090B664325599D6600257F7A /* pokemon-species-16.json */; };
		090B668325599D6600257F7A /* pokemon-species-20.json in Resources */ = {isa = PBXBuildFile; fileRef = 090B664425599D6600257F7A /* pokemon-species-20.json */; };
		090B668425599D6600257F7A /* pokemon-species-23.json in Resources */ = {isa = PBXBuildFile; fileRef = 090B664525599D6600257F7A /* pokemon-species-23.json */; };
		090B668525599D6600257F7A /* pokemon-species-19.json in Resources */ = {isa = PBXBuildFile; fileRef = 090B664625599D6600257F7A /* pokemon-species-19.json */; };
		090B668625599D6600257F7A /* pokemon-species-3.json in Resources */ = {isa = PBXBuildFile; fileRef = 090B664725599D6600257F7A /* pokemon-species-3.json */; };
		090B668725599D6600257F7A /* pokemon-species-15.json in Resources */ = {isa = PBXBuildFile; fileRef = 090B664825599D6600257F7A /* pokemon-species-15.json */; };
		090B668825599D6600257F7A /* pokemon-species-14.json in Resources */ = {isa = PBXBuildFile; fileRef = 090B664925599D6600257F7A /* pokemon-species-14.json */; };
		090B668925599D6600257F7A /* pokemon-species-2.json in Resources */ = {isa = PBXBuildFile; fileRef = 090B664A25599D6600257F7A /* pokemon-species-2.json */; };
		090B668A25599D6600257F7A /* pokemon-species-18.json in Resources */ = {isa = PBXBuildFile; fileRef = 090B664B25599D6600257F7A /* pokemon-species-18.json */; };
		090B668B25599D6600257F7A /* pokemon-species-22.json in Resources */ = {isa = PBXBuildFile; fileRef = 090B664C25599D6600257F7A /* pokemon-species-22.json */; };
		090B668C25599D6600257F7A /* pokemon-species-5.json in Resources */ = {isa = PBXBuildFile; fileRef = 090B664D25599D6600257F7A /* pokemon-species-5.json */; };
		090B668D25599D6600257F7A /* pokemon-species-29.json in Resources */ = {isa = PBXBuildFile; fileRef = 090B664E25599D6600257F7A /* pokemon-species-29.json */; };
		090B668E25599D6600257F7A /* pokemon-species-13.json in Resources */ = {isa = PBXBuildFile; fileRef = 090B664F25599D6600257F7A /* pokemon-species-13.json */; };
		090B668F25599D6600257F7A /* pokemon-species-9.json in Resources */ = {isa = PBXBuildFile; fileRef = 090B665025599D6600257F7A /* pokemon-species-9.json */; };
		090B669025599D6600257F7A /* pokemon-species-25.json in Resources */ = {isa = PBXBuildFile; fileRef = 090B665125599D6600257F7A /* pokemon-species-25.json */; };
		090B669125599D6600257F7A /* pokemon-species-24.json in Resources */ = {isa = PBXBuildFile; fileRef = 090B665225599D6600257F7A /* pokemon-species-24.json */; };
		090B669225599D6600257F7A /* pokemon-species-8.json in Resources */ = {isa = PBXBuildFile; fileRef = 090B665325599D6600257F7A /* pokemon-species-8.json */; };
		090B669325599D6600257F7A /* pokemon-species-12.json in Resources */ = {isa = PBXBuildFile; fileRef = 090B665425599D6600257F7A /* pokemon-species-12.json */; };
		090B669425599D6600257F7A /* pokemon-species-28.json in Resources */ = {isa = PBXBuildFile; fileRef = 090B665525599D6600257F7A /* pokemon-species-28.json */; };
		090B669525599D6600257F7A /* pokemon-species-4.json in Resources */ = {isa = PBXBuildFile; fileRef = 090B665625599D6600257F7A /* pokemon-species-4.json */; };
		090B669625599D6600257F7A /* ability-34.json in Resources */ = {isa = PBXBuildFile; fileRef = 090B665825599D6600257F7A /* ability-34.json */; };
		090B669725599D6600257F7A /* ability-65.json in Resources */ = {isa = PBXBuildFile; fileRef = 090B665925599D6600257F7A /* ability-65.json */; };
		090B66A825599D6D00257F7A /* AbilityViewModel.swift in Sources */ = {isa = PBXBuildFile; fileRef = 090B669E25599D6D00257F7A /* AbilityViewModel.swift */; };
		090B66A925599D6D00257F7A /* PokemonViewModel.swift in Sources */ = {isa = PBXBuildFile; fileRef = 090B669F25599D6D00257F7A /* PokemonViewModel.swift */; };
		090B66AA25599D6D00257F7A /* PokemonInfoRow.swift in Sources */ = {isa = PBXBuildFile; fileRef = 090B66A125599D6D00257F7A /* PokemonInfoRow.swift */; };
		090B66AB25599D6D00257F7A /* ToolButtonModifier.swift in Sources */ = {isa = PBXBuildFile; fileRef = 090B66A225599D6D00257F7A /* ToolButtonModifier.swift */; };
		090B66AC25599D6D00257F7A /* Language.swift in Sources */ = {isa = PBXBuildFile; fileRef = 090B66A425599D6D00257F7A /* Language.swift */; };
		090B66AD25599D6D00257F7A /* Ability.swift in Sources */ = {isa = PBXBuildFile; fileRef = 090B66A525599D6D00257F7A /* Ability.swift */; };
		090B66AE25599D6D00257F7A /* Pokemon.swift in Sources */ = {isa = PBXBuildFile; fileRef = 090B66A625599D6D00257F7A /* Pokemon.swift */; };
		090B66AF25599D6D00257F7A /* PokemonSpecies.swift in Sources */ = {isa = PBXBuildFile; fileRef = 090B66A725599D6D00257F7A /* PokemonSpecies.swift */; };
		090B66B825599D7A00257F7A /* FileHelper.swift in Sources */ = {isa = PBXBuildFile; fileRef = 090B66B525599D7900257F7A /* FileHelper.swift */; };
		090B66B925599D7A00257F7A /* Sample.swift in Sources */ = {isa = PBXBuildFile; fileRef = 090B66B625599D7900257F7A /* Sample.swift */; };
		090B66BA25599D7A00257F7A /* Helpers.swift in Sources */ = {isa = PBXBuildFile; fileRef = 090B66B725599D7900257F7A /* Helpers.swift */; };
		09BB29D92557ACBB00FB3140 /* CalculatorBrain.swift in Sources */ = {isa = PBXBuildFile; fileRef = 09BB29D82557ACBB00FB3140 /* CalculatorBrain.swift */; };
		3013B32525553CCB0014A15A /* CalculatorButtonItem.swift in Sources */ = {isa = PBXBuildFile; fileRef = 3013B32425553CCB0014A15A /* CalculatorButtonItem.swift */; };
		30961727255B8FCB0094B22D /* PokeMonList.swift in Sources */ = {isa = PBXBuildFile; fileRef = 30961726255B8FC80094B22D /* PokeMonList.swift */; };
		30E6E2FD25512E7A00F1DF78 /* AppDelegate.swift in Sources */ = {isa = PBXBuildFile; fileRef = 30E6E2FC25512E7A00F1DF78 /* AppDelegate.swift */; };
		30E6E2FF25512E7A00F1DF78 /* SceneDelegate.swift in Sources */ = {isa = PBXBuildFile; fileRef = 30E6E2FE25512E7A00F1DF78 /* SceneDelegate.swift */; };
		30E6E30125512E7A00F1DF78 /* ContentView.swift in Sources */ = {isa = PBXBuildFile; fileRef = 30E6E30025512E7A00F1DF78 /* ContentView.swift */; };
		30E6E30325512E7C00F1DF78 /* Assets.xcassets in Resources */ = {isa = PBXBuildFile; fileRef = 30E6E30225512E7C00F1DF78 /* Assets.xcassets */; };
		30E6E30625512E7C00F1DF78 /* Preview Assets.xcassets in Resources */ = {isa = PBXBuildFile; fileRef = 30E6E30525512E7C00F1DF78 /* Preview Assets.xcassets */; };
		30E6E30925512E7C00F1DF78 /* LaunchScreen.storyboard in Resources */ = {isa = PBXBuildFile; fileRef = 30E6E30725512E7C00F1DF78 /* LaunchScreen.storyboard */; };
/* End PBXBuildFile section */

/* Begin PBXContainerItemProxy section */
		30E6E31025512E7D00F1DF78 /* PBXContainerItemProxy */ = {
			isa = PBXContainerItemProxy;
			containerPortal = 30E6E2F125512E7A00F1DF78 /* Project object */;
			proxyType = 1;
			remoteGlobalIDString = 30E6E2F825512E7A00F1DF78;
			remoteInfo = MyWidget;
		};
		30E6E31B25512E7D00F1DF78 /* PBXContainerItemProxy */ = {
			isa = PBXContainerItemProxy;
			containerPortal = 30E6E2F125512E7A00F1DF78 /* Project object */;
			proxyType = 1;
			remoteGlobalIDString = 30E6E2F825512E7A00F1DF78;
			remoteInfo = MyWidget;
		};
/* End PBXContainerItemProxy section */

/* Begin PBXFileReference section */
		090B65D3255977FC00257F7A /* PokeMaster.app */ = {isa = PBXFileReference; explicitFileType = wrapper.application; includeInIndex = 0; path = PokeMaster.app; sourceTree = BUILT_PRODUCTS_DIR; };
		090B65D5255977FC00257F7A /* PokeMasterApp.swift */ = {isa = PBXFileReference; lastKnownFileType = sourcecode.swift; path = PokeMasterApp.swift; sourceTree = "<group>"; };
		090B65D7255977FC00257F7A /* ContentView.swift */ = {isa = PBXFileReference; lastKnownFileType = sourcecode.swift; path = ContentView.swift; sourceTree = "<group>"; };
		090B65D9255977FF00257F7A /* Assets.xcassets */ = {isa = PBXFileReference; lastKnownFileType = folder.assetcatalog; path = Assets.xcassets; sourceTree = "<group>"; };
		090B65DC255977FF00257F7A /* Preview Assets.xcassets */ = {isa = PBXFileReference; lastKnownFileType = folder.assetcatalog; path = "Preview Assets.xcassets"; sourceTree = "<group>"; };
		090B65DE255977FF00257F7A /* Info.plist */ = {isa = PBXFileReference; lastKnownFileType = text.plist.xml; path = Info.plist; sourceTree = "<group>"; };
		090B661A25599D6600257F7A /* pokemon-7.json */ = {isa = PBXFileReference; fileEncoding = 4; lastKnownFileType = text.json; path = "pokemon-7.json"; sourceTree = "<group>"; };
		090B661B25599D6600257F7A /* pokemon-14.json */ = {isa = PBXFileReference; fileEncoding = 4; lastKnownFileType = text.json; path = "pokemon-14.json"; sourceTree = "<group>"; };
		090B661C25599D6600257F7A /* pokemon-22.json */ = {isa = PBXFileReference; fileEncoding = 4; lastKnownFileType = text.json; path = "pokemon-22.json"; sourceTree = "<group>"; };
		090B661D25599D6600257F7A /* pokemon-18.json */ = {isa = PBXFileReference; fileEncoding = 4; lastKnownFileType = text.json; path = "pokemon-18.json"; sourceTree = "<group>"; };
		090B661E25599D6600257F7A /* pokemon-19.json */ = {isa = PBXFileReference; fileEncoding = 4; lastKnownFileType = text.json; path = "pokemon-19.json"; sourceTree = "<group>"; };
		090B661F25599D6600257F7A /* pokemon-23.json */ = {isa = PBXFileReference; fileEncoding = 4; lastKnownFileType = text.json; path = "pokemon-23.json"; sourceTree = "<group>"; };
		090B662025599D6600257F7A /* pokemon-15.json */ = {isa = PBXFileReference; fileEncoding = 4; lastKnownFileType = text.json; path = "pokemon-15.json"; sourceTree = "<group>"; };
		090B662125599D6600257F7A /* pokemon-6.json */ = {isa = PBXFileReference; fileEncoding = 4; lastKnownFileType = text.json; path = "pokemon-6.json"; sourceTree = "<group>"; };
		090B662225599D6600257F7A /* pokemon-24.json */ = {isa = PBXFileReference; fileEncoding = 4; lastKnownFileType = text.json; path = "pokemon-24.json"; sourceTree = "<group>"; };
		090B662325599D6600257F7A /* pokemon-28.json */ = {isa = PBXFileReference; fileEncoding = 4; lastKnownFileType = text.json; path = "pokemon-28.json"; sourceTree = "<group>"; };
		090B662425599D6600257F7A /* pokemon-1.json */ = {isa = PBXFileReference; fileEncoding = 4; lastKnownFileType = text.json; path = "pokemon-1.json"; sourceTree = "<group>"; };
		090B662525599D6600257F7A /* pokemon-12.json */ = {isa = PBXFileReference; fileEncoding = 4; lastKnownFileType = text.json; path = "pokemon-12.json"; sourceTree = "<group>"; };
		090B662625599D6600257F7A /* pokemon-13.json */ = {isa = PBXFileReference; fileEncoding = 4; lastKnownFileType = text.json; path = "pokemon-13.json"; sourceTree = "<group>"; };
		090B662725599D6600257F7A /* pokemon-29.json */ = {isa = PBXFileReference; fileEncoding = 4; lastKnownFileType = text.json; path = "pokemon-29.json"; sourceTree = "<group>"; };
		090B662825599D6600257F7A /* pokemon-25.json */ = {isa = PBXFileReference; fileEncoding = 4; lastKnownFileType = text.json; path = "pokemon-25.json"; sourceTree = "<group>"; };
		090B662925599D6600257F7A /* pokemon-26.json */ = {isa = PBXFileReference; fileEncoding = 4; lastKnownFileType = text.json; path = "pokemon-26.json"; sourceTree = "<group>"; };
		090B662A25599D6600257F7A /* pokemon-30.json */ = {isa = PBXFileReference; fileEncoding = 4; lastKnownFileType = text.json; path = "pokemon-30.json"; sourceTree = "<group>"; };
		090B662B25599D6600257F7A /* pokemon-10.json */ = {isa = PBXFileReference; fileEncoding = 4; lastKnownFileType = text.json; path = "pokemon-10.json"; sourceTree = "<group>"; };
		090B662C25599D6600257F7A /* pokemon-3.json */ = {isa = PBXFileReference; fileEncoding = 4; lastKnownFileType = text.json; path = "pokemon-3.json"; sourceTree = "<group>"; };
		090B662D25599D6600257F7A /* pokemon-2.json */ = {isa = PBXFileReference; fileEncoding = 4; lastKnownFileType = text.json; path = "pokemon-2.json"; sourceTree = "<group>"; };
		090B662E25599D6600257F7A /* pokemon-11.json */ = {isa = PBXFileReference; fileEncoding = 4; lastKnownFileType = text.json; path = "pokemon-11.json"; sourceTree = "<group>"; };
		090B662F25599D6600257F7A /* pokemon-27.json */ = {isa = PBXFileReference; fileEncoding = 4; lastKnownFileType = text.json; path = "pokemon-27.json"; sourceTree = "<group>"; };
		090B663025599D6600257F7A /* pokemon-16.json */ = {isa = PBXFileReference; fileEncoding = 4; lastKnownFileType = text.json; path = "pokemon-16.json"; sourceTree = "<group>"; };
		090B663125599D6600257F7A /* pokemon-5.json */ = {isa = PBXFileReference; fileEncoding = 4; lastKnownFileType = text.json; path = "pokemon-5.json"; sourceTree = "<group>"; };
		090B663225599D6600257F7A /* pokemon-9.json */ = {isa = PBXFileReference; fileEncoding = 4; lastKnownFileType = text.json; path = "pokemon-9.json"; sourceTree = "<group>"; };
		090B663325599D6600257F7A /* pokemon-20.json */ = {isa = PBXFileReference; fileEncoding = 4; lastKnownFileType = text.json; path = "pokemon-20.json"; sourceTree = "<group>"; };
		090B663425599D6600257F7A /* pokemon-21.json */ = {isa = PBXFileReference; fileEncoding = 4; lastKnownFileType = text.json; path = "pokemon-21.json"; sourceTree = "<group>"; };
		090B663525599D6600257F7A /* pokemon-8.json */ = {isa = PBXFileReference; fileEncoding = 4; lastKnownFileType = text.json; path = "pokemon-8.json"; sourceTree = "<group>"; };
		090B663625599D6600257F7A /* pokemon-4.json */ = {isa = PBXFileReference; fileEncoding = 4; lastKnownFileType = text.json; path = "pokemon-4.json"; sourceTree = "<group>"; };
		090B663725599D6600257F7A /* pokemon-17.json */ = {isa = PBXFileReference; fileEncoding = 4; lastKnownFileType = text.json; path = "pokemon-17.json"; sourceTree = "<group>"; };
		090B663925599D6600257F7A /* pokemon-species-11.json */ = {isa = PBXFileReference; fileEncoding = 4; lastKnownFileType = text.json; path = "pokemon-species-11.json"; sourceTree = "<group>"; };
		090B663A25599D6600257F7A /* pokemon-species-7.json */ = {isa = PBXFileReference; fileEncoding = 4; lastKnownFileType = text.json; path = "pokemon-species-7.json"; sourceTree = "<group>"; };
		090B663B25599D6600257F7A /* pokemon-species-27.json */ = {isa = PBXFileReference; fileEncoding = 4; lastKnownFileType = text.json; path = "pokemon-species-27.json"; sourceTree = "<group>"; };
		090B663C25599D6600257F7A /* pokemon-species-30.json */ = {isa = PBXFileReference; fileEncoding = 4; lastKnownFileType = text.json; path = "pokemon-species-30.json"; sourceTree = "<group>"; };
		090B663D25599D6600257F7A /* pokemon-species-26.json */ = {isa = PBXFileReference; fileEncoding = 4; lastKnownFileType = text.json; path = "pokemon-species-26.json"; sourceTree = "<group>"; };
		090B663E25599D6600257F7A /* pokemon-species-6.json */ = {isa = PBXFileReference; fileEncoding = 4; lastKnownFileType = text.json; path = "pokemon-species-6.json"; sourceTree = "<group>"; };
		090B663F25599D6600257F7A /* pokemon-species-10.json */ = {isa = PBXFileReference; fileEncoding = 4; lastKnownFileType = text.json; path = "pokemon-species-10.json"; sourceTree = "<group>"; };
		090B664025599D6600257F7A /* pokemon-species-21.json */ = {isa = PBXFileReference; fileEncoding = 4; lastKnownFileType = text.json; path = "pokemon-species-21.json"; sourceTree = "<group>"; };
		090B664125599D6600257F7A /* pokemon-species-17.json */ = {isa = PBXFileReference; fileEncoding = 4; lastKnownFileType = text.json; path = "pokemon-species-17.json"; sourceTree = "<group>"; };
		090B664225599D6600257F7A /* pokemon-species-1.json */ = {isa = PBXFileReference; fileEncoding = 4; lastKnownFileType = text.json; path = "pokemon-species-1.json"; sourceTree = "<group>"; };
		090B664325599D6600257F7A /* pokemon-species-16.json */ = {isa = PBXFileReference; fileEncoding = 4; lastKnownFileType = text.json; path = "pokemon-species-16.json"; sourceTree = "<group>"; };
		090B664425599D6600257F7A /* pokemon-species-20.json */ = {isa = PBXFileReference; fileEncoding = 4; lastKnownFileType = text.json; path = "pokemon-species-20.json"; sourceTree = "<group>"; };
		090B664525599D6600257F7A /* pokemon-species-23.json */ = {isa = PBXFileReference; fileEncoding = 4; lastKnownFileType = text.json; path = "pokemon-species-23.json"; sourceTree = "<group>"; };
		090B664625599D6600257F7A /* pokemon-species-19.json */ = {isa = PBXFileReference; fileEncoding = 4; lastKnownFileType = text.json; path = "pokemon-species-19.json"; sourceTree = "<group>"; };
		090B664725599D6600257F7A /* pokemon-species-3.json */ = {isa = PBXFileReference; fileEncoding = 4; lastKnownFileType = text.json; path = "pokemon-species-3.json"; sourceTree = "<group>"; };
		090B664825599D6600257F7A /* pokemon-species-15.json */ = {isa = PBXFileReference; fileEncoding = 4; lastKnownFileType = text.json; path = "pokemon-species-15.json"; sourceTree = "<group>"; };
		090B664925599D6600257F7A /* pokemon-species-14.json */ = {isa = PBXFileReference; fileEncoding = 4; lastKnownFileType = text.json; path = "pokemon-species-14.json"; sourceTree = "<group>"; };
		090B664A25599D6600257F7A /* pokemon-species-2.json */ = {isa = PBXFileReference; fileEncoding = 4; lastKnownFileType = text.json; path = "pokemon-species-2.json"; sourceTree = "<group>"; };
		090B664B25599D6600257F7A /* pokemon-species-18.json */ = {isa = PBXFileReference; fileEncoding = 4; lastKnownFileType = text.json; path = "pokemon-species-18.json"; sourceTree = "<group>"; };
		090B664C25599D6600257F7A /* pokemon-species-22.json */ = {isa = PBXFileReference; fileEncoding = 4; lastKnownFileType = text.json; path = "pokemon-species-22.json"; sourceTree = "<group>"; };
		090B664D25599D6600257F7A /* pokemon-species-5.json */ = {isa = PBXFileReference; fileEncoding = 4; lastKnownFileType = text.json; path = "pokemon-species-5.json"; sourceTree = "<group>"; };
		090B664E25599D6600257F7A /* pokemon-species-29.json */ = {isa = PBXFileReference; fileEncoding = 4; lastKnownFileType = text.json; path = "pokemon-species-29.json"; sourceTree = "<group>"; };
		090B664F25599D6600257F7A /* pokemon-species-13.json */ = {isa = PBXFileReference; fileEncoding = 4; lastKnownFileType = text.json; path = "pokemon-species-13.json"; sourceTree = "<group>"; };
		090B665025599D6600257F7A /* pokemon-species-9.json */ = {isa = PBXFileReference; fileEncoding = 4; lastKnownFileType = text.json; path = "pokemon-species-9.json"; sourceTree = "<group>"; };
		090B665125599D6600257F7A /* pokemon-species-25.json */ = {isa = PBXFileReference; fileEncoding = 4; lastKnownFileType = text.json; path = "pokemon-species-25.json"; sourceTree = "<group>"; };
		090B665225599D6600257F7A /* pokemon-species-24.json */ = {isa = PBXFileReference; fileEncoding = 4; lastKnownFileType = text.json; path = "pokemon-species-24.json"; sourceTree = "<group>"; };
		090B665325599D6600257F7A /* pokemon-species-8.json */ = {isa = PBXFileReference; fileEncoding = 4; lastKnownFileType = text.json; path = "pokemon-species-8.json"; sourceTree = "<group>"; };
		090B665425599D6600257F7A /* pokemon-species-12.json */ = {isa = PBXFileReference; fileEncoding = 4; lastKnownFileType = text.json; path = "pokemon-species-12.json"; sourceTree = "<group>"; };
		090B665525599D6600257F7A /* pokemon-species-28.json */ = {isa = PBXFileReference; fileEncoding = 4; lastKnownFileType = text.json; path = "pokemon-species-28.json"; sourceTree = "<group>"; };
		090B665625599D6600257F7A /* pokemon-species-4.json */ = {isa = PBXFileReference; fileEncoding = 4; lastKnownFileType = text.json; path = "pokemon-species-4.json"; sourceTree = "<group>"; };
		090B665825599D6600257F7A /* ability-34.json */ = {isa = PBXFileReference; fileEncoding = 4; lastKnownFileType = text.json; path = "ability-34.json"; sourceTree = "<group>"; };
		090B665925599D6600257F7A /* ability-65.json */ = {isa = PBXFileReference; fileEncoding = 4; lastKnownFileType = text.json; path = "ability-65.json"; sourceTree = "<group>"; };
		090B669E25599D6D00257F7A /* AbilityViewModel.swift */ = {isa = PBXFileReference; fileEncoding = 4; lastKnownFileType = sourcecode.swift; path = AbilityViewModel.swift; sourceTree = "<group>"; };
		090B669F25599D6D00257F7A /* PokemonViewModel.swift */ = {isa = PBXFileReference; fileEncoding = 4; lastKnownFileType = sourcecode.swift; path = PokemonViewModel.swift; sourceTree = "<group>"; };
		090B66A125599D6D00257F7A /* PokemonInfoRow.swift */ = {isa = PBXFileReference; fileEncoding = 4; lastKnownFileType = sourcecode.swift; path = PokemonInfoRow.swift; sourceTree = "<group>"; };
		090B66A225599D6D00257F7A /* ToolButtonModifier.swift */ = {isa = PBXFileReference; fileEncoding = 4; lastKnownFileType = sourcecode.swift; path = ToolButtonModifier.swift; sourceTree = "<group>"; };
		090B66A425599D6D00257F7A /* Language.swift */ = {isa = PBXFileReference; fileEncoding = 4; lastKnownFileType = sourcecode.swift; path = Language.swift; sourceTree = "<group>"; };
		090B66A525599D6D00257F7A /* Ability.swift */ = {isa = PBXFileReference; fileEncoding = 4; lastKnownFileType = sourcecode.swift; path = Ability.swift; sourceTree = "<group>"; };
		090B66A625599D6D00257F7A /* Pokemon.swift */ = {isa = PBXFileReference; fileEncoding = 4; lastKnownFileType = sourcecode.swift; path = Pokemon.swift; sourceTree = "<group>"; };
		090B66A725599D6D00257F7A /* PokemonSpecies.swift */ = {isa = PBXFileReference; fileEncoding = 4; lastKnownFileType = sourcecode.swift; path = PokemonSpecies.swift; sourceTree = "<group>"; };
		090B66B525599D7900257F7A /* FileHelper.swift */ = {isa = PBXFileReference; fileEncoding = 4; lastKnownFileType = sourcecode.swift; path = FileHelper.swift; sourceTree = "<group>"; };
		090B66B625599D7900257F7A /* Sample.swift */ = {isa = PBXFileReference; fileEncoding = 4; lastKnownFileType = sourcecode.swift; path = Sample.swift; sourceTree = "<group>"; };
		090B66B725599D7900257F7A /* Helpers.swift */ = {isa = PBXFileReference; fileEncoding = 4; lastKnownFileType = sourcecode.swift; path = Helpers.swift; sourceTree = "<group>"; };
		09BB29D82557ACBB00FB3140 /* CalculatorBrain.swift */ = {isa = PBXFileReference; lastKnownFileType = sourcecode.swift; path = CalculatorBrain.swift; sourceTree = "<group>"; };
		3013B32425553CCB0014A15A /* CalculatorButtonItem.swift */ = {isa = PBXFileReference; lastKnownFileType = sourcecode.swift; path = CalculatorButtonItem.swift; sourceTree = "<group>"; };
		30961726255B8FC80094B22D /* PokeMonList.swift */ = {isa = PBXFileReference; lastKnownFileType = sourcecode.swift; path = PokeMonList.swift; sourceTree = "<group>"; };
		30E6E2F925512E7A00F1DF78 /* MyWidget.app */ = {isa = PBXFileReference; explicitFileType = wrapper.application; includeInIndex = 0; path = MyWidget.app; sourceTree = BUILT_PRODUCTS_DIR; };
		30E6E2FC25512E7A00F1DF78 /* AppDelegate.swift */ = {isa = PBXFileReference; lastKnownFileType = sourcecode.swift; path = AppDelegate.swift; sourceTree = "<group>"; };
		30E6E2FE25512E7A00F1DF78 /* SceneDelegate.swift */ = {isa = PBXFileReference; lastKnownFileType = sourcecode.swift; path = SceneDelegate.swift; sourceTree = "<group>"; };
		30E6E30025512E7A00F1DF78 /* ContentView.swift */ = {isa = PBXFileReference; lastKnownFileType = sourcecode.swift; path = ContentView.swift; sourceTree = "<group>"; };
		30E6E30225512E7C00F1DF78 /* Assets.xcassets */ = {isa = PBXFileReference; lastKnownFileType = folder.assetcatalog; path = Assets.xcassets; sourceTree = "<group>"; };
		30E6E30525512E7C00F1DF78 /* Preview Assets.xcassets */ = {isa = PBXFileReference; lastKnownFileType = folder.assetcatalog; path = "Preview Assets.xcassets"; sourceTree = "<group>"; };
		30E6E30825512E7C00F1DF78 /* Base */ = {isa = PBXFileReference; lastKnownFileType = file.storyboard; name = Base; path = Base.lproj/LaunchScreen.storyboard; sourceTree = "<group>"; };
		30E6E30A25512E7C00F1DF78 /* Info.plist */ = {isa = PBXFileReference; lastKnownFileType = text.plist.xml; path = Info.plist; sourceTree = "<group>"; };
		30E6E30F25512E7D00F1DF78 /* MyWidgetTests.xctest */ = {isa = PBXFileReference; explicitFileType = wrapper.cfbundle; includeInIndex = 0; path = MyWidgetTests.xctest; sourceTree = BUILT_PRODUCTS_DIR; };
		30E6E31A25512E7D00F1DF78 /* MyWidgetUITests.xctest */ = {isa = PBXFileReference; explicitFileType = wrapper.cfbundle; includeInIndex = 0; path = MyWidgetUITests.xctest; sourceTree = BUILT_PRODUCTS_DIR; };
/* End PBXFileReference section */

/* Begin PBXFrameworksBuildPhase section */
		090B65D0255977FC00257F7A /* Frameworks */ = {
			isa = PBXFrameworksBuildPhase;
			buildActionMask = 2147483647;
			files = (
			);
			runOnlyForDeploymentPostprocessing = 0;
		};
		30E6E2F625512E7A00F1DF78 /* Frameworks */ = {
			isa = PBXFrameworksBuildPhase;
			buildActionMask = 2147483647;
			files = (
			);
			runOnlyForDeploymentPostprocessing = 0;
		};
		30E6E30C25512E7D00F1DF78 /* Frameworks */ = {
			isa = PBXFrameworksBuildPhase;
			buildActionMask = 2147483647;
			files = (
			);
			runOnlyForDeploymentPostprocessing = 0;
		};
		30E6E31725512E7D00F1DF78 /* Frameworks */ = {
			isa = PBXFrameworksBuildPhase;
			buildActionMask = 2147483647;
			files = (
			);
			runOnlyForDeploymentPostprocessing = 0;
		};
/* End PBXFrameworksBuildPhase section */

/* Begin PBXGroup section */
		090B65D4255977FC00257F7A /* PokeMaster */ = {
			isa = PBXGroup;
			children = (
				090B661825599D6600257F7A /* JSON */,
				090B65E62559790800257F7A /* Object */,
				090B65D5255977FC00257F7A /* PokeMasterApp.swift */,
				090B65D7255977FC00257F7A /* ContentView.swift */,
				090B65D9255977FF00257F7A /* Assets.xcassets */,
				090B65DE255977FF00257F7A /* Info.plist */,
				090B65DB255977FF00257F7A /* Preview Content */,
			);
			path = PokeMaster;
			sourceTree = "<group>";
		};
		090B65DB255977FF00257F7A /* Preview Content */ = {
			isa = PBXGroup;
			children = (
				090B65DC255977FF00257F7A /* Preview Assets.xcassets */,
			);
			path = "Preview Content";
			sourceTree = "<group>";
		};
		090B65E62559790800257F7A /* Object */ = {
			isa = PBXGroup;
			children = (
				090B66B425599D7900257F7A /* Utils */,
				090B669C25599D6D00257F7A /* Model */,
			);
			path = Object;
			sourceTree = "<group>";
		};
		090B661825599D6600257F7A /* JSON */ = {
			isa = PBXGroup;
			children = (
				090B661925599D6600257F7A /* pokemon */,
				090B663825599D6600257F7A /* species */,
				090B665725599D6600257F7A /* abilities */,
			);
			path = JSON;
			sourceTree = "<group>";
		};
		090B661925599D6600257F7A /* pokemon */ = {
			isa = PBXGroup;
			children = (
				090B661A25599D6600257F7A /* pokemon-7.json */,
				090B661B25599D6600257F7A /* pokemon-14.json */,
				090B661C25599D6600257F7A /* pokemon-22.json */,
				090B661D25599D6600257F7A /* pokemon-18.json */,
				090B661E25599D6600257F7A /* pokemon-19.json */,
				090B661F25599D6600257F7A /* pokemon-23.json */,
				090B662025599D6600257F7A /* pokemon-15.json */,
				090B662125599D6600257F7A /* pokemon-6.json */,
				090B662225599D6600257F7A /* pokemon-24.json */,
				090B662325599D6600257F7A /* pokemon-28.json */,
				090B662425599D6600257F7A /* pokemon-1.json */,
				090B662525599D6600257F7A /* pokemon-12.json */,
				090B662625599D6600257F7A /* pokemon-13.json */,
				090B662725599D6600257F7A /* pokemon-29.json */,
				090B662825599D6600257F7A /* pokemon-25.json */,
				090B662925599D6600257F7A /* pokemon-26.json */,
				090B662A25599D6600257F7A /* pokemon-30.json */,
				090B662B25599D6600257F7A /* pokemon-10.json */,
				090B662C25599D6600257F7A /* pokemon-3.json */,
				090B662D25599D6600257F7A /* pokemon-2.json */,
				090B662E25599D6600257F7A /* pokemon-11.json */,
				090B662F25599D6600257F7A /* pokemon-27.json */,
				090B663025599D6600257F7A /* pokemon-16.json */,
				090B663125599D6600257F7A /* pokemon-5.json */,
				090B663225599D6600257F7A /* pokemon-9.json */,
				090B663325599D6600257F7A /* pokemon-20.json */,
				090B663425599D6600257F7A /* pokemon-21.json */,
				090B663525599D6600257F7A /* pokemon-8.json */,
				090B663625599D6600257F7A /* pokemon-4.json */,
				090B663725599D6600257F7A /* pokemon-17.json */,
			);
			path = pokemon;
			sourceTree = "<group>";
		};
		090B663825599D6600257F7A /* species */ = {
			isa = PBXGroup;
			children = (
				090B663925599D6600257F7A /* pokemon-species-11.json */,
				090B663A25599D6600257F7A /* pokemon-species-7.json */,
				090B663B25599D6600257F7A /* pokemon-species-27.json */,
				090B663C25599D6600257F7A /* pokemon-species-30.json */,
				090B663D25599D6600257F7A /* pokemon-species-26.json */,
				090B663E25599D6600257F7A /* pokemon-species-6.json */,
				090B663F25599D6600257F7A /* pokemon-species-10.json */,
				090B664025599D6600257F7A /* pokemon-species-21.json */,
				090B664125599D6600257F7A /* pokemon-species-17.json */,
				090B664225599D6600257F7A /* pokemon-species-1.json */,
				090B664325599D6600257F7A /* pokemon-species-16.json */,
				090B664425599D6600257F7A /* pokemon-species-20.json */,
				090B664525599D6600257F7A /* pokemon-species-23.json */,
				090B664625599D6600257F7A /* pokemon-species-19.json */,
				090B664725599D6600257F7A /* pokemon-species-3.json */,
				090B664825599D6600257F7A /* pokemon-species-15.json */,
				090B664925599D6600257F7A /* pokemon-species-14.json */,
				090B664A25599D6600257F7A /* pokemon-species-2.json */,
				090B664B25599D6600257F7A /* pokemon-species-18.json */,
				090B664C25599D6600257F7A /* pokemon-species-22.json */,
				090B664D25599D6600257F7A /* pokemon-species-5.json */,
				090B664E25599D6600257F7A /* pokemon-species-29.json */,
				090B664F25599D6600257F7A /* pokemon-species-13.json */,
				090B665025599D6600257F7A /* pokemon-species-9.json */,
				090B665125599D6600257F7A /* pokemon-species-25.json */,
				090B665225599D6600257F7A /* pokemon-species-24.json */,
				090B665325599D6600257F7A /* pokemon-species-8.json */,
				090B665425599D6600257F7A /* pokemon-species-12.json */,
				090B665525599D6600257F7A /* pokemon-species-28.json */,
				090B665625599D6600257F7A /* pokemon-species-4.json */,
			);
			path = species;
			sourceTree = "<group>";
		};
		090B665725599D6600257F7A /* abilities */ = {
			isa = PBXGroup;
			children = (
				090B665825599D6600257F7A /* ability-34.json */,
				090B665925599D6600257F7A /* ability-65.json */,
			);
			path = abilities;
			sourceTree = "<group>";
		};
		090B669C25599D6D00257F7A /* Model */ = {
			isa = PBXGroup;
			children = (
				090B669D25599D6D00257F7A /* ViewModel */,
				090B66A025599D6D00257F7A /* View */,
				090B66A325599D6D00257F7A /* DataModel */,
			);
			path = Model;
			sourceTree = "<group>";
		};
		090B669D25599D6D00257F7A /* ViewModel */ = {
			isa = PBXGroup;
			children = (
				090B669E25599D6D00257F7A /* AbilityViewModel.swift */,
				090B669F25599D6D00257F7A /* PokemonViewModel.swift */,
			);
			path = ViewModel;
			sourceTree = "<group>";
		};
		090B66A025599D6D00257F7A /* View */ = {
			isa = PBXGroup;
			children = (
				090B66A125599D6D00257F7A /* PokemonInfoRow.swift */,
				090B66A225599D6D00257F7A /* ToolButtonModifier.swift */,
				30961726255B8FC80094B22D /* PokeMonList.swift */,
			);
			path = View;
			sourceTree = "<group>";
		};
		090B66A325599D6D00257F7A /* DataModel */ = {
			isa = PBXGroup;
			children = (
				090B66A425599D6D00257F7A /* Language.swift */,
				090B66A525599D6D00257F7A /* Ability.swift */,
				090B66A625599D6D00257F7A /* Pokemon.swift */,
				090B66A725599D6D00257F7A /* PokemonSpecies.swift */,
			);
			path = DataModel;
			sourceTree = "<group>";
		};
		090B66B425599D7900257F7A /* Utils */ = {
			isa = PBXGroup;
			children = (
				090B66B525599D7900257F7A /* FileHelper.swift */,
				090B66B625599D7900257F7A /* Sample.swift */,
				090B66B725599D7900257F7A /* Helpers.swift */,
			);
			path = Utils;
			sourceTree = "<group>";
		};
		30E6E2F025512E7A00F1DF78 = {
			isa = PBXGroup;
			children = (
				30E6E2FB25512E7A00F1DF78 /* MyWidget */,
				090B65D4255977FC00257F7A /* PokeMaster */,
				30E6E2FA25512E7A00F1DF78 /* Products */,
			);
			sourceTree = "<group>";
		};
		30E6E2FA25512E7A00F1DF78 /* Products */ = {
			isa = PBXGroup;
			children = (
				30E6E2F925512E7A00F1DF78 /* MyWidget.app */,
				30E6E30F25512E7D00F1DF78 /* MyWidgetTests.xctest */,
				30E6E31A25512E7D00F1DF78 /* MyWidgetUITests.xctest */,
				090B65D3255977FC00257F7A /* PokeMaster.app */,
			);
			name = Products;
			sourceTree = "<group>";
		};
		30E6E2FB25512E7A00F1DF78 /* MyWidget */ = {
			isa = PBXGroup;
			children = (
				30E6E2FC25512E7A00F1DF78 /* AppDelegate.swift */,
				30E6E2FE25512E7A00F1DF78 /* SceneDelegate.swift */,
				30E6E30025512E7A00F1DF78 /* ContentView.swift */,
				09BB29D82557ACBB00FB3140 /* CalculatorBrain.swift */,
				3013B32425553CCB0014A15A /* CalculatorButtonItem.swift */,
				30E6E30225512E7C00F1DF78 /* Assets.xcassets */,
				30E6E30725512E7C00F1DF78 /* LaunchScreen.storyboard */,
				30E6E30A25512E7C00F1DF78 /* Info.plist */,
				30E6E30425512E7C00F1DF78 /* Preview Content */,
			);
			path = MyWidget;
			sourceTree = "<group>";
		};
		30E6E30425512E7C00F1DF78 /* Preview Content */ = {
			isa = PBXGroup;
			children = (
				30E6E30525512E7C00F1DF78 /* Preview Assets.xcassets */,
			);
			path = "Preview Content";
			sourceTree = "<group>";
		};
/* End PBXGroup section */

/* Begin PBXNativeTarget section */
		090B65D2255977FC00257F7A /* PokeMaster */ = {
			isa = PBXNativeTarget;
			buildConfigurationList = 090B65E1255977FF00257F7A /* Build configuration list for PBXNativeTarget "PokeMaster" */;
			buildPhases = (
				090B65CF255977FC00257F7A /* Sources */,
				090B65D0255977FC00257F7A /* Frameworks */,
				090B65D1255977FC00257F7A /* Resources */,
			);
			buildRules = (
			);
			dependencies = (
			);
			name = PokeMaster;
			productName = PokeMaster;
			productReference = 090B65D3255977FC00257F7A /* PokeMaster.app */;
			productType = "com.apple.product-type.application";
		};
		30E6E2F825512E7A00F1DF78 /* MyWidget */ = {
			isa = PBXNativeTarget;
			buildConfigurationList = 30E6E32325512E7D00F1DF78 /* Build configuration list for PBXNativeTarget "MyWidget" */;
			buildPhases = (
				30E6E2F525512E7A00F1DF78 /* Sources */,
				30E6E2F625512E7A00F1DF78 /* Frameworks */,
				30E6E2F725512E7A00F1DF78 /* Resources */,
			);
			buildRules = (
			);
			dependencies = (
			);
			name = MyWidget;
			productName = MyWidget;
			productReference = 30E6E2F925512E7A00F1DF78 /* MyWidget.app */;
			productType = "com.apple.product-type.application";
		};
		30E6E30E25512E7D00F1DF78 /* MyWidgetTests */ = {
			isa = PBXNativeTarget;
			buildConfigurationList = 30E6E32625512E7D00F1DF78 /* Build configuration list for PBXNativeTarget "MyWidgetTests" */;
			buildPhases = (
				30E6E30B25512E7D00F1DF78 /* Sources */,
				30E6E30C25512E7D00F1DF78 /* Frameworks */,
				30E6E30D25512E7D00F1DF78 /* Resources */,
			);
			buildRules = (
			);
			dependencies = (
				30E6E31125512E7D00F1DF78 /* PBXTargetDependency */,
			);
			name = MyWidgetTests;
			productName = MyWidgetTests;
			productReference = 30E6E30F25512E7D00F1DF78 /* MyWidgetTests.xctest */;
			productType = "com.apple.product-type.bundle.unit-test";
		};
		30E6E31925512E7D00F1DF78 /* MyWidgetUITests */ = {
			isa = PBXNativeTarget;
			buildConfigurationList = 30E6E32925512E7D00F1DF78 /* Build configuration list for PBXNativeTarget "MyWidgetUITests" */;
			buildPhases = (
				30E6E31625512E7D00F1DF78 /* Sources */,
				30E6E31725512E7D00F1DF78 /* Frameworks */,
				30E6E31825512E7D00F1DF78 /* Resources */,
			);
			buildRules = (
			);
			dependencies = (
				30E6E31C25512E7D00F1DF78 /* PBXTargetDependency */,
			);
			name = MyWidgetUITests;
			productName = MyWidgetUITests;
			productReference = 30E6E31A25512E7D00F1DF78 /* MyWidgetUITests.xctest */;
			productType = "com.apple.product-type.bundle.ui-testing";
		};
/* End PBXNativeTarget section */

/* Begin PBXProject section */
		30E6E2F125512E7A00F1DF78 /* Project object */ = {
			isa = PBXProject;
			attributes = {
				LastSwiftUpdateCheck = 1210;
				LastUpgradeCheck = 1210;
				TargetAttributes = {
					090B65D2255977FC00257F7A = {
						CreatedOnToolsVersion = 12.1;
					};
					30E6E2F825512E7A00F1DF78 = {
						CreatedOnToolsVersion = 12.1;
					};
					30E6E30E25512E7D00F1DF78 = {
						CreatedOnToolsVersion = 12.1;
						TestTargetID = 30E6E2F825512E7A00F1DF78;
					};
					30E6E31925512E7D00F1DF78 = {
						CreatedOnToolsVersion = 12.1;
						TestTargetID = 30E6E2F825512E7A00F1DF78;
					};
				};
			};
			buildConfigurationList = 30E6E2F425512E7A00F1DF78 /* Build configuration list for PBXProject "MyWidget" */;
			compatibilityVersion = "Xcode 9.3";
			developmentRegion = en;
			hasScannedForEncodings = 0;
			knownRegions = (
				en,
				Base,
			);
			mainGroup = 30E6E2F025512E7A00F1DF78;
			productRefGroup = 30E6E2FA25512E7A00F1DF78 /* Products */;
			projectDirPath = "";
			projectRoot = "";
			targets = (
				30E6E2F825512E7A00F1DF78 /* MyWidget */,
				30E6E30E25512E7D00F1DF78 /* MyWidgetTests */,
				30E6E31925512E7D00F1DF78 /* MyWidgetUITests */,
				090B65D2255977FC00257F7A /* PokeMaster */,
			);
		};
/* End PBXProject section */

/* Begin PBXResourcesBuildPhase section */
		090B65D1255977FC00257F7A /* Resources */ = {
			isa = PBXResourcesBuildPhase;
			buildActionMask = 2147483647;
			files = (
				090B668425599D6600257F7A /* pokemon-species-23.json in Resources */,
				090B65DD255977FF00257F7A /* Preview Assets.xcassets in Resources */,
				090B668625599D6600257F7A /* pokemon-species-3.json in Resources */,
				090B668525599D6600257F7A /* pokemon-species-19.json in Resources */,
				090B668C25599D6600257F7A /* pokemon-species-5.json in Resources */,
				090B668725599D6600257F7A /* pokemon-species-15.json in Resources */,
				090B667625599D6600257F7A /* pokemon-4.json in Resources */,
				090B669225599D6600257F7A /* pokemon-species-8.json in Resources */,
				090B666425599D6600257F7A /* pokemon-1.json in Resources */,
				090B667525599D6600257F7A /* pokemon-8.json in Resources */,
				090B666E25599D6600257F7A /* pokemon-11.json in Resources */,
				090B668E25599D6600257F7A /* pokemon-species-13.json in Resources */,
				090B667B25599D6600257F7A /* pokemon-species-30.json in Resources */,
				090B667725599D6600257F7A /* pokemon-17.json in Resources */,
				090B668025599D6600257F7A /* pokemon-species-17.json in Resources */,
				090B668225599D6600257F7A /* pokemon-species-16.json in Resources */,
				090B667125599D6600257F7A /* pokemon-5.json in Resources */,
				090B669325599D6600257F7A /* pokemon-species-12.json in Resources */,
				090B666B25599D6600257F7A /* pokemon-10.json in Resources */,
				090B666525599D6600257F7A /* pokemon-12.json in Resources */,
				090B668D25599D6600257F7A /* pokemon-species-29.json in Resources */,
				090B667425599D6600257F7A /* pokemon-21.json in Resources */,
				090B667025599D6600257F7A /* pokemon-16.json in Resources */,
				090B667E25599D6600257F7A /* pokemon-species-10.json in Resources */,
				090B666A25599D6600257F7A /* pokemon-30.json in Resources */,
				090B665A25599D6600257F7A /* pokemon-7.json in Resources */,
				090B666125599D6600257F7A /* pokemon-6.json in Resources */,
				090B666025599D6600257F7A /* pokemon-15.json in Resources */,
				090B665F25599D6600257F7A /* pokemon-23.json in Resources */,
				090B667925599D6600257F7A /* pokemon-species-7.json in Resources */,
				090B666C25599D6600257F7A /* pokemon-3.json in Resources */,
				090B669425599D6600257F7A /* pokemon-species-28.json in Resources */,
				090B668B25599D6600257F7A /* pokemon-species-22.json in Resources */,
				090B669525599D6600257F7A /* pokemon-species-4.json in Resources */,
				090B665E25599D6600257F7A /* pokemon-19.json in Resources */,
				090B667A25599D6600257F7A /* pokemon-species-27.json in Resources */,
				090B666825599D6600257F7A /* pokemon-25.json in Resources */,
				090B666D25599D6600257F7A /* pokemon-2.json in Resources */,
				090B669025599D6600257F7A /* pokemon-species-25.json in Resources */,
				090B666F25599D6600257F7A /* pokemon-27.json in Resources */,
				090B667F25599D6600257F7A /* pokemon-species-21.json in Resources */,
				090B668825599D6600257F7A /* pokemon-species-14.json in Resources */,
				090B666725599D6600257F7A /* pokemon-29.json in Resources */,
				090B668F25599D6600257F7A /* pokemon-species-9.json in Resources */,
				090B667225599D6600257F7A /* pokemon-9.json in Resources */,
				090B666225599D6600257F7A /* pokemon-24.json in Resources */,
				090B666925599D6600257F7A /* pokemon-26.json in Resources */,
				090B665D25599D6600257F7A /* pokemon-18.json in Resources */,
				090B668A25599D6600257F7A /* pokemon-species-18.json in Resources */,
				090B665B25599D6600257F7A /* pokemon-14.json in Resources */,
				090B669625599D6600257F7A /* ability-34.json in Resources */,
				090B666625599D6600257F7A /* pokemon-13.json in Resources */,
				090B667D25599D6600257F7A /* pokemon-species-6.json in Resources */,
				090B65DA255977FF00257F7A /* Assets.xcassets in Resources */,
				090B665C25599D6600257F7A /* pokemon-22.json in Resources */,
				090B669125599D6600257F7A /* pokemon-species-24.json in Resources */,
				090B667C25599D6600257F7A /* pokemon-species-26.json in Resources */,
				090B667825599D6600257F7A /* pokemon-species-11.json in Resources */,
				090B668925599D6600257F7A /* pokemon-species-2.json in Resources */,
				090B668325599D6600257F7A /* pokemon-species-20.json in Resources */,
				090B666325599D6600257F7A /* pokemon-28.json in Resources */,
				090B669725599D6600257F7A /* ability-65.json in Resources */,
				090B668125599D6600257F7A /* pokemon-species-1.json in Resources */,
				090B667325599D6600257F7A /* pokemon-20.json in Resources */,
			);
			runOnlyForDeploymentPostprocessing = 0;
		};
		30E6E2F725512E7A00F1DF78 /* Resources */ = {
			isa = PBXResourcesBuildPhase;
			buildActionMask = 2147483647;
			files = (
				30E6E30925512E7C00F1DF78 /* LaunchScreen.storyboard in Resources */,
				30E6E30625512E7C00F1DF78 /* Preview Assets.xcassets in Resources */,
				30E6E30325512E7C00F1DF78 /* Assets.xcassets in Resources */,
			);
			runOnlyForDeploymentPostprocessing = 0;
		};
		30E6E30D25512E7D00F1DF78 /* Resources */ = {
			isa = PBXResourcesBuildPhase;
			buildActionMask = 2147483647;
			files = (
			);
			runOnlyForDeploymentPostprocessing = 0;
		};
		30E6E31825512E7D00F1DF78 /* Resources */ = {
			isa = PBXResourcesBuildPhase;
			buildActionMask = 2147483647;
			files = (
			);
			runOnlyForDeploymentPostprocessing = 0;
		};
/* End PBXResourcesBuildPhase section */

/* Begin PBXSourcesBuildPhase section */
		090B65CF255977FC00257F7A /* Sources */ = {
			isa = PBXSourcesBuildPhase;
			buildActionMask = 2147483647;
			files = (
				090B65D8255977FC00257F7A /* ContentView.swift in Sources */,
				090B66B925599D7A00257F7A /* Sample.swift in Sources */,
				090B65D6255977FC00257F7A /* PokeMasterApp.swift in Sources */,
				090B66AB25599D6D00257F7A /* ToolButtonModifier.swift in Sources */,
				090B66AC25599D6D00257F7A /* Language.swift in Sources */,
				090B66B825599D7A00257F7A /* FileHelper.swift in Sources */,
				090B66A925599D6D00257F7A /* PokemonViewModel.swift in Sources */,
				30961727255B8FCB0094B22D /* PokeMonList.swift in Sources */,
				090B66AE25599D6D00257F7A /* Pokemon.swift in Sources */,
				090B66A825599D6D00257F7A /* AbilityViewModel.swift in Sources */,
				090B66AD25599D6D00257F7A /* Ability.swift in Sources */,
				090B66BA25599D7A00257F7A /* Helpers.swift in Sources */,
				090B66AF25599D6D00257F7A /* PokemonSpecies.swift in Sources */,
				090B66AA25599D6D00257F7A /* PokemonInfoRow.swift in Sources */,
			);
			runOnlyForDeploymentPostprocessing = 0;
		};
		30E6E2F525512E7A00F1DF78 /* Sources */ = {
			isa = PBXSourcesBuildPhase;
			buildActionMask = 2147483647;
			files = (
				30E6E2FD25512E7A00F1DF78 /* AppDelegate.swift in Sources */,
				30E6E2FF25512E7A00F1DF78 /* SceneDelegate.swift in Sources */,
				3013B32525553CCB0014A15A /* CalculatorButtonItem.swift in Sources */,
				09BB29D92557ACBB00FB3140 /* CalculatorBrain.swift in Sources */,
				30E6E30125512E7A00F1DF78 /* ContentView.swift in Sources */,
			);
			runOnlyForDeploymentPostprocessing = 0;
		};
		30E6E30B25512E7D00F1DF78 /* Sources */ = {
			isa = PBXSourcesBuildPhase;
			buildActionMask = 2147483647;
			files = (
			);
			runOnlyForDeploymentPostprocessing = 0;
		};
		30E6E31625512E7D00F1DF78 /* Sources */ = {
			isa = PBXSourcesBuildPhase;
			buildActionMask = 2147483647;
			files = (
			);
			runOnlyForDeploymentPostprocessing = 0;
		};
/* End PBXSourcesBuildPhase section */

/* Begin PBXTargetDependency section */
		30E6E31125512E7D00F1DF78 /* PBXTargetDependency */ = {
			isa = PBXTargetDependency;
			target = 30E6E2F825512E7A00F1DF78 /* MyWidget */;
			targetProxy = 30E6E31025512E7D00F1DF78 /* PBXContainerItemProxy */;
		};
		30E6E31C25512E7D00F1DF78 /* PBXTargetDependency */ = {
			isa = PBXTargetDependency;
			target = 30E6E2F825512E7A00F1DF78 /* MyWidget */;
			targetProxy = 30E6E31B25512E7D00F1DF78 /* PBXContainerItemProxy */;
		};
/* End PBXTargetDependency section */

/* Begin PBXVariantGroup section */
		30E6E30725512E7C00F1DF78 /* LaunchScreen.storyboard */ = {
			isa = PBXVariantGroup;
			children = (
				30E6E30825512E7C00F1DF78 /* Base */,
			);
			name = LaunchScreen.storyboard;
			sourceTree = "<group>";
		};
/* End PBXVariantGroup section */

/* Begin XCBuildConfiguration section */
		090B65DF255977FF00257F7A /* Debug */ = {
			isa = XCBuildConfiguration;
			buildSettings = {
				ASSETCATALOG_COMPILER_APPICON_NAME = AppIcon;
				ASSETCATALOG_COMPILER_GLOBAL_ACCENT_COLOR_NAME = AccentColor;
				CODE_SIGN_STYLE = Automatic;
				DEVELOPMENT_ASSET_PATHS = "\"PokeMaster/Preview Content\"";
				DEVELOPMENT_TEAM = B5SJ8JYP65;
				ENABLE_PREVIEWS = YES;
				INFOPLIST_FILE = PokeMaster/Info.plist;
				IPHONEOS_DEPLOYMENT_TARGET = 14.0;
				LD_RUNPATH_SEARCH_PATHS = (
					"$(inherited)",
					"@executable_path/Frameworks",
				);
				PRODUCT_BUNDLE_IDENTIFIER = com.jj.PokeMaster;
				PRODUCT_NAME = "$(TARGET_NAME)";
				SWIFT_VERSION = 5.0;
				TARGETED_DEVICE_FAMILY = "1,2";
			};
			name = Debug;
		};
		090B65E0255977FF00257F7A /* Release */ = {
			isa = XCBuildConfiguration;
			buildSettings = {
				ASSETCATALOG_COMPILER_APPICON_NAME = AppIcon;
				ASSETCATALOG_COMPILER_GLOBAL_ACCENT_COLOR_NAME = AccentColor;
				CODE_SIGN_STYLE = Automatic;
				DEVELOPMENT_ASSET_PATHS = "\"PokeMaster/Preview Content\"";
				DEVELOPMENT_TEAM = B5SJ8JYP65;
				ENABLE_PREVIEWS = YES;
				INFOPLIST_FILE = PokeMaster/Info.plist;
				IPHONEOS_DEPLOYMENT_TARGET = 14.0;
				LD_RUNPATH_SEARCH_PATHS = (
					"$(inherited)",
					"@executable_path/Frameworks",
				);
				PRODUCT_BUNDLE_IDENTIFIER = com.jj.PokeMaster;
				PRODUCT_NAME = "$(TARGET_NAME)";
				SWIFT_VERSION = 5.0;
				TARGETED_DEVICE_FAMILY = "1,2";
			};
			name = Release;
		};
		30E6E32125512E7D00F1DF78 /* Debug */ = {
			isa = XCBuildConfiguration;
			buildSettings = {
				ALWAYS_SEARCH_USER_PATHS = NO;
				CLANG_ANALYZER_NONNULL = YES;
				CLANG_ANALYZER_NUMBER_OBJECT_CONVERSION = YES_AGGRESSIVE;
				CLANG_CXX_LANGUAGE_STANDARD = "gnu++14";
				CLANG_CXX_LIBRARY = "libc++";
				CLANG_ENABLE_MODULES = YES;
				CLANG_ENABLE_OBJC_ARC = YES;
				CLANG_ENABLE_OBJC_WEAK = YES;
				CLANG_WARN_BLOCK_CAPTURE_AUTORELEASING = YES;
				CLANG_WARN_BOOL_CONVERSION = YES;
				CLANG_WARN_COMMA = YES;
				CLANG_WARN_CONSTANT_CONVERSION = YES;
				CLANG_WARN_DEPRECATED_OBJC_IMPLEMENTATIONS = YES;
				CLANG_WARN_DIRECT_OBJC_ISA_USAGE = YES_ERROR;
				CLANG_WARN_DOCUMENTATION_COMMENTS = YES;
				CLANG_WARN_EMPTY_BODY = YES;
				CLANG_WARN_ENUM_CONVERSION = YES;
				CLANG_WARN_INFINITE_RECURSION = YES;
				CLANG_WARN_INT_CONVERSION = YES;
				CLANG_WARN_NON_LITERAL_NULL_CONVERSION = YES;
				CLANG_WARN_OBJC_IMPLICIT_RETAIN_SELF = YES;
				CLANG_WARN_OBJC_LITERAL_CONVERSION = YES;
				CLANG_WARN_OBJC_ROOT_CLASS = YES_ERROR;
				CLANG_WARN_QUOTED_INCLUDE_IN_FRAMEWORK_HEADER = YES;
				CLANG_WARN_RANGE_LOOP_ANALYSIS = YES;
				CLANG_WARN_STRICT_PROTOTYPES = YES;
				CLANG_WARN_SUSPICIOUS_MOVE = YES;
				CLANG_WARN_UNGUARDED_AVAILABILITY = YES_AGGRESSIVE;
				CLANG_WARN_UNREACHABLE_CODE = YES;
				CLANG_WARN__DUPLICATE_METHOD_MATCH = YES;
				COPY_PHASE_STRIP = NO;
				DEBUG_INFORMATION_FORMAT = dwarf;
				ENABLE_STRICT_OBJC_MSGSEND = YES;
				ENABLE_TESTABILITY = YES;
				GCC_C_LANGUAGE_STANDARD = gnu11;
				GCC_DYNAMIC_NO_PIC = NO;
				GCC_NO_COMMON_BLOCKS = YES;
				GCC_OPTIMIZATION_LEVEL = 0;
				GCC_PREPROCESSOR_DEFINITIONS = (
					"DEBUG=1",
					"$(inherited)",
				);
				GCC_WARN_64_TO_32_BIT_CONVERSION = YES;
				GCC_WARN_ABOUT_RETURN_TYPE = YES_ERROR;
				GCC_WARN_UNDECLARED_SELECTOR = YES;
				GCC_WARN_UNINITIALIZED_AUTOS = YES_AGGRESSIVE;
				GCC_WARN_UNUSED_FUNCTION = YES;
				GCC_WARN_UNUSED_VARIABLE = YES;
				IPHONEOS_DEPLOYMENT_TARGET = 14.1;
				MTL_ENABLE_DEBUG_INFO = INCLUDE_SOURCE;
				MTL_FAST_MATH = YES;
				ONLY_ACTIVE_ARCH = YES;
				SDKROOT = iphoneos;
				SWIFT_ACTIVE_COMPILATION_CONDITIONS = DEBUG;
				SWIFT_OPTIMIZATION_LEVEL = "-Onone";
			};
			name = Debug;
		};
		30E6E32225512E7D00F1DF78 /* Release */ = {
			isa = XCBuildConfiguration;
			buildSettings = {
				ALWAYS_SEARCH_USER_PATHS = NO;
				CLANG_ANALYZER_NONNULL = YES;
				CLANG_ANALYZER_NUMBER_OBJECT_CONVERSION = YES_AGGRESSIVE;
				CLANG_CXX_LANGUAGE_STANDARD = "gnu++14";
				CLANG_CXX_LIBRARY = "libc++";
				CLANG_ENABLE_MODULES = YES;
				CLANG_ENABLE_OBJC_ARC = YES;
				CLANG_ENABLE_OBJC_WEAK = YES;
				CLANG_WARN_BLOCK_CAPTURE_AUTORELEASING = YES;
				CLANG_WARN_BOOL_CONVERSION = YES;
				CLANG_WARN_COMMA = YES;
				CLANG_WARN_CONSTANT_CONVERSION = YES;
				CLANG_WARN_DEPRECATED_OBJC_IMPLEMENTATIONS = YES;
				CLANG_WARN_DIRECT_OBJC_ISA_USAGE = YES_ERROR;
				CLANG_WARN_DOCUMENTATION_COMMENTS = YES;
				CLANG_WARN_EMPTY_BODY = YES;
				CLANG_WARN_ENUM_CONVERSION = YES;
				CLANG_WARN_INFINITE_RECURSION = YES;
				CLANG_WARN_INT_CONVERSION = YES;
				CLANG_WARN_NON_LITERAL_NULL_CONVERSION = YES;
				CLANG_WARN_OBJC_IMPLICIT_RETAIN_SELF = YES;
				CLANG_WARN_OBJC_LITERAL_CONVERSION = YES;
				CLANG_WARN_OBJC_ROOT_CLASS = YES_ERROR;
				CLANG_WARN_QUOTED_INCLUDE_IN_FRAMEWORK_HEADER = YES;
				CLANG_WARN_RANGE_LOOP_ANALYSIS = YES;
				CLANG_WARN_STRICT_PROTOTYPES = YES;
				CLANG_WARN_SUSPICIOUS_MOVE = YES;
				CLANG_WARN_UNGUARDED_AVAILABILITY = YES_AGGRESSIVE;
				CLANG_WARN_UNREACHABLE_CODE = YES;
				CLANG_WARN__DUPLICATE_METHOD_MATCH = YES;
				COPY_PHASE_STRIP = NO;
				DEBUG_INFORMATION_FORMAT = "dwarf-with-dsym";
				ENABLE_NS_ASSERTIONS = NO;
				ENABLE_STRICT_OBJC_MSGSEND = YES;
				GCC_C_LANGUAGE_STANDARD = gnu11;
				GCC_NO_COMMON_BLOCKS = YES;
				GCC_WARN_64_TO_32_BIT_CONVERSION = YES;
				GCC_WARN_ABOUT_RETURN_TYPE = YES_ERROR;
				GCC_WARN_UNDECLARED_SELECTOR = YES;
				GCC_WARN_UNINITIALIZED_AUTOS = YES_AGGRESSIVE;
				GCC_WARN_UNUSED_FUNCTION = YES;
				GCC_WARN_UNUSED_VARIABLE = YES;
				IPHONEOS_DEPLOYMENT_TARGET = 14.1;
				MTL_ENABLE_DEBUG_INFO = NO;
				MTL_FAST_MATH = YES;
				SDKROOT = iphoneos;
				SWIFT_COMPILATION_MODE = wholemodule;
				SWIFT_OPTIMIZATION_LEVEL = "-O";
				VALIDATE_PRODUCT = YES;
			};
			name = Release;
		};
		30E6E32425512E7D00F1DF78 /* Debug */ = {
			isa = XCBuildConfiguration;
			buildSettings = {
				ASSETCATALOG_COMPILER_APPICON_NAME = AppIcon;
				ASSETCATALOG_COMPILER_GLOBAL_ACCENT_COLOR_NAME = AccentColor;
				CODE_SIGN_STYLE = Automatic;
				DEVELOPMENT_ASSET_PATHS = "\"MyWidget/Preview Content\"";
				DEVELOPMENT_TEAM = B5SJ8JYP65;
				ENABLE_PREVIEWS = YES;
				INFOPLIST_FILE = MyWidget/Info.plist;
				IPHONEOS_DEPLOYMENT_TARGET = 14.0;
				LD_RUNPATH_SEARCH_PATHS = (
					"$(inherited)",
					"@executable_path/Frameworks",
				);
				PRODUCT_BUNDLE_IDENTIFIER = wxiao.MyWidget;
				PRODUCT_NAME = "$(TARGET_NAME)";
				SWIFT_VERSION = 5.0;
				TARGETED_DEVICE_FAMILY = "1,2";
			};
			name = Debug;
		};
		30E6E32525512E7D00F1DF78 /* Release */ = {
			isa = XCBuildConfiguration;
			buildSettings = {
				ASSETCATALOG_COMPILER_APPICON_NAME = AppIcon;
				ASSETCATALOG_COMPILER_GLOBAL_ACCENT_COLOR_NAME = AccentColor;
				CODE_SIGN_STYLE = Automatic;
				DEVELOPMENT_ASSET_PATHS = "\"MyWidget/Preview Content\"";
				DEVELOPMENT_TEAM = B5SJ8JYP65;
				ENABLE_PREVIEWS = YES;
				INFOPLIST_FILE = MyWidget/Info.plist;
				IPHONEOS_DEPLOYMENT_TARGET = 14.0;
				LD_RUNPATH_SEARCH_PATHS = (
					"$(inherited)",
					"@executable_path/Frameworks",
				);
				PRODUCT_BUNDLE_IDENTIFIER = wxiao.MyWidget;
				PRODUCT_NAME = "$(TARGET_NAME)";
				SWIFT_VERSION = 5.0;
				TARGETED_DEVICE_FAMILY = "1,2";
			};
			name = Release;
		};
		30E6E32725512E7D00F1DF78 /* Debug */ = {
			isa = XCBuildConfiguration;
			buildSettings = {
				ALWAYS_EMBED_SWIFT_STANDARD_LIBRARIES = YES;
				BUNDLE_LOADER = "$(TEST_HOST)";
				CODE_SIGN_STYLE = Automatic;
				INFOPLIST_FILE = MyWidgetTests/Info.plist;
				IPHONEOS_DEPLOYMENT_TARGET = 14.1;
				LD_RUNPATH_SEARCH_PATHS = (
					"$(inherited)",
					"@executable_path/Frameworks",
					"@loader_path/Frameworks",
				);
				PRODUCT_BUNDLE_IDENTIFIER = wxiao.MyWidgetTests;
				PRODUCT_NAME = "$(TARGET_NAME)";
				SWIFT_VERSION = 5.0;
				TARGETED_DEVICE_FAMILY = "1,2";
				TEST_HOST = "$(BUILT_PRODUCTS_DIR)/MyWidget.app/MyWidget";
			};
			name = Debug;
		};
		30E6E32825512E7D00F1DF78 /* Release */ = {
			isa = XCBuildConfiguration;
			buildSettings = {
				ALWAYS_EMBED_SWIFT_STANDARD_LIBRARIES = YES;
				BUNDLE_LOADER = "$(TEST_HOST)";
				CODE_SIGN_STYLE = Automatic;
				INFOPLIST_FILE = MyWidgetTests/Info.plist;
				IPHONEOS_DEPLOYMENT_TARGET = 14.1;
				LD_RUNPATH_SEARCH_PATHS = (
					"$(inherited)",
					"@executable_path/Frameworks",
					"@loader_path/Frameworks",
				);
				PRODUCT_BUNDLE_IDENTIFIER = wxiao.MyWidgetTests;
				PRODUCT_NAME = "$(TARGET_NAME)";
				SWIFT_VERSION = 5.0;
				TARGETED_DEVICE_FAMILY = "1,2";
				TEST_HOST = "$(BUILT_PRODUCTS_DIR)/MyWidget.app/MyWidget";
			};
			name = Release;
		};
		30E6E32A25512E7D00F1DF78 /* Debug */ = {
			isa = XCBuildConfiguration;
			buildSettings = {
				ALWAYS_EMBED_SWIFT_STANDARD_LIBRARIES = YES;
				CODE_SIGN_STYLE = Automatic;
				INFOPLIST_FILE = MyWidgetUITests/Info.plist;
				LD_RUNPATH_SEARCH_PATHS = (
					"$(inherited)",
					"@executable_path/Frameworks",
					"@loader_path/Frameworks",
				);
				PRODUCT_BUNDLE_IDENTIFIER = wxiao.MyWidgetUITests;
				PRODUCT_NAME = "$(TARGET_NAME)";
				SWIFT_VERSION = 5.0;
				TARGETED_DEVICE_FAMILY = "1,2";
				TEST_TARGET_NAME = MyWidget;
			};
			name = Debug;
		};
		30E6E32B25512E7D00F1DF78 /* Release */ = {
			isa = XCBuildConfiguration;
			buildSettings = {
				ALWAYS_EMBED_SWIFT_STANDARD_LIBRARIES = YES;
				CODE_SIGN_STYLE = Automatic;
				INFOPLIST_FILE = MyWidgetUITests/Info.plist;
				LD_RUNPATH_SEARCH_PATHS = (
					"$(inherited)",
					"@executable_path/Frameworks",
					"@loader_path/Frameworks",
				);
				PRODUCT_BUNDLE_IDENTIFIER = wxiao.MyWidgetUITests;
				PRODUCT_NAME = "$(TARGET_NAME)";
				SWIFT_VERSION = 5.0;
				TARGETED_DEVICE_FAMILY = "1,2";
				TEST_TARGET_NAME = MyWidget;
			};
			name = Release;
		};
/* End XCBuildConfiguration section */

/* Begin XCConfigurationList section */
		090B65E1255977FF00257F7A /* Build configuration list for PBXNativeTarget "PokeMaster" */ = {
			isa = XCConfigurationList;
			buildConfigurations = (
				090B65DF255977FF00257F7A /* Debug */,
				090B65E0255977FF00257F7A /* Release */,
			);
			defaultConfigurationIsVisible = 0;
			defaultConfigurationName = Release;
		};
		30E6E2F425512E7A00F1DF78 /* Build configuration list for PBXProject "MyWidget" */ = {
			isa = XCConfigurationList;
			buildConfigurations = (
				30E6E32125512E7D00F1DF78 /* Debug */,
				30E6E32225512E7D00F1DF78 /* Release */,
			);
			defaultConfigurationIsVisible = 0;
			defaultConfigurationName = Release;
		};
		30E6E32325512E7D00F1DF78 /* Build configuration list for PBXNativeTarget "MyWidget" */ = {
			isa = XCConfigurationList;
			buildConfigurations = (
				30E6E32425512E7D00F1DF78 /* Debug */,
				30E6E32525512E7D00F1DF78 /* Release */,
			);
			defaultConfigurationIsVisible = 0;
			defaultConfigurationName = Release;
		};
		30E6E32625512E7D00F1DF78 /* Build configuration list for PBXNativeTarget "MyWidgetTests" */ = {
			isa = XCConfigurationList;
			buildConfigurations = (
				30E6E32725512E7D00F1DF78 /* Debug */,
				30E6E32825512E7D00F1DF78 /* Release */,
			);
			defaultConfigurationIsVisible = 0;
			defaultConfigurationName = Release;
		};
		30E6E32925512E7D00F1DF78 /* Build configuration list for PBXNativeTarget "MyWidgetUITests" */ = {
			isa = XCConfigurationList;
			buildConfigurations = (
				30E6E32A25512E7D00F1DF78 /* Debug */,
				30E6E32B25512E7D00F1DF78 /* Release */,
			);
			defaultConfigurationIsVisible = 0;
			defaultConfigurationName = Release;
		};
/* End XCConfigurationList section */
	};
	rootObject = 30E6E2F125512E7A00F1DF78 /* Project object */;
}
